
Microsoft Visual Studio Solution File, Format Version 12.00
# Visual Studio 15
VisualStudioVersion = 15.0.28307.1433
MinimumVisualStudioVersion = 10.0.40219.1
Project("{8BC9CEB8-8B4A-11D0-8D11-00A0C91BC942}") = "Inheritance", "Inheritance\Inheritance.vcxproj", "{A154C0E8-3F40-474D-B606-38FDBC82F63B}"
EndProject
Project("{8BC9CEB8-8B4A-11D0-8D11-00A0C91BC942}") = "Academy", "Academy\Academy.vcxproj", "{CD95CBE2-8E37-4A25-9DE4-3DC6DC95DF5E}"
EndProject
Project("{8BC9CEB8-8B4A-11D0-8D11-00A0C91BC942}") = "Homework 6 Academy (OOP)", "Homework 6 Academy (OOP)\Homework 6 Academy (OOP).vcxproj", "{367653CB-C80F-418F-AE01-AB329C4B0730}"
EndProject
Project("{8BC9CEB8-8B4A-11D0-8D11-00A0C91BC942}") = "Academy (polymorphism)", "Academy (polymorphism)\Academy (polymorphism).vcxproj", "{5271C953-3035-4A61-81E2-FA01402C702D}"
EndProject
Project("{8BC9CEB8-8B4A-11D0-8D11-00A0C91BC942}") = "Polymorphism", "Polymorphism\Polymorphism.vcxproj", "{CF471378-DF0C-4798-B5E5-37AA8D2EF0F5}"
EndProject
Project("{8BC9CEB8-8B4A-11D0-8D11-00A0C91BC942}") = "Homework 7 Academy (polymorphism) (overload)", "Homework 7 Academy (polymorphism) (overload)\Homework 7 Academy (polymorphism) (overload).vcxproj", "{8C68021C-AF2B-49C2-9107-8A8E45CBA042}"
EndProject
Project("{8BC9CEB8-8B4A-11D0-8D11-00A0C91BC942}") = "Academy (polymorphism) (overload)", "Academy (polymorphism) (overload)\Academy (polymorphism) (overload).vcxproj", "{EE5546B4-AEEE-4A49-BA13-0F5BAA5CC930}"
EndProject
Project("{8BC9CEB8-8B4A-11D0-8D11-00A0C91BC942}") = "GTA", "GTA\GTA.vcxproj", "{CE61E480-E0B8-4270-9B9C-576333ECB810}"
EndProject
Global
	GlobalSection(SolutionConfigurationPlatforms) = preSolution
		Debug|x64 = Debug|x64
		Debug|x86 = Debug|x86
		Release|x64 = Release|x64
		Release|x86 = Release|x86
	EndGlobalSection
	GlobalSection(ProjectConfigurationPlatforms) = postSolution
		{A154C0E8-3F40-474D-B606-38FDBC82F63B}.Debug|x64.ActiveCfg = Debug|x64
		{A154C0E8-3F40-474D-B606-38FDBC82F63B}.Debug|x64.Build.0 = Debug|x64
		{A154C0E8-3F40-474D-B606-38FDBC82F63B}.Debug|x86.ActiveCfg = Debug|Win32
		{A154C0E8-3F40-474D-B606-38FDBC82F63B}.Debug|x86.Build.0 = Debug|Win32
		{A154C0E8-3F40-474D-B606-38FDBC82F63B}.Release|x64.ActiveCfg = Release|x64
		{A154C0E8-3F40-474D-B606-38FDBC82F63B}.Release|x64.Build.0 = Release|x64
		{A154C0E8-3F40-474D-B606-38FDBC82F63B}.Release|x86.ActiveCfg = Release|Win32
		{A154C0E8-3F40-474D-B606-38FDBC82F63B}.Release|x86.Build.0 = Release|Win32
		{CD95CBE2-8E37-4A25-9DE4-3DC6DC95DF5E}.Debug|x64.ActiveCfg = Debug|x64
		{CD95CBE2-8E37-4A25-9DE4-3DC6DC95DF5E}.Debug|x64.Build.0 = Debug|x64
		{CD95CBE2-8E37-4A25-9DE4-3DC6DC95DF5E}.Debug|x86.ActiveCfg = Debug|Win32
		{CD95CBE2-8E37-4A25-9DE4-3DC6DC95DF5E}.Debug|x86.Build.0 = Debug|Win32
		{CD95CBE2-8E37-4A25-9DE4-3DC6DC95DF5E}.Release|x64.ActiveCfg = Release|x64
		{CD95CBE2-8E37-4A25-9DE4-3DC6DC95DF5E}.Release|x64.Build.0 = Release|x64
		{CD95CBE2-8E37-4A25-9DE4-3DC6DC95DF5E}.Release|x86.ActiveCfg = Release|Win32
		{CD95CBE2-8E37-4A25-9DE4-3DC6DC95DF5E}.Release|x86.Build.0 = Release|Win32
		{367653CB-C80F-418F-AE01-AB329C4B0730}.Debug|x64.ActiveCfg = Debug|x64
		{367653CB-C80F-418F-AE01-AB329C4B0730}.Debug|x64.Build.0 = Debug|x64
		{367653CB-C80F-418F-AE01-AB329C4B0730}.Debug|x86.ActiveCfg = Debug|Win32
		{367653CB-C80F-418F-AE01-AB329C4B0730}.Debug|x86.Build.0 = Debug|Win32
		{367653CB-C80F-418F-AE01-AB329C4B0730}.Release|x64.ActiveCfg = Release|x64
		{367653CB-C80F-418F-AE01-AB329C4B0730}.Release|x64.Build.0 = Release|x64
		{367653CB-C80F-418F-AE01-AB329C4B0730}.Release|x86.ActiveCfg = Release|Win32
		{367653CB-C80F-418F-AE01-AB329C4B0730}.Release|x86.Build.0 = Release|Win32
		{5271C953-3035-4A61-81E2-FA01402C702D}.Debug|x64.ActiveCfg = Debug|x64
		{5271C953-3035-4A61-81E2-FA01402C702D}.Debug|x64.Build.0 = Debug|x64
		{5271C953-3035-4A61-81E2-FA01402C702D}.Debug|x86.ActiveCfg = Debug|Win32
		{5271C953-3035-4A61-81E2-FA01402C702D}.Debug|x86.Build.0 = Debug|Win32
		{5271C953-3035-4A61-81E2-FA01402C702D}.Release|x64.ActiveCfg = Release|x64
		{5271C953-3035-4A61-81E2-FA01402C702D}.Release|x64.Build.0 = Release|x64
		{5271C953-3035-4A61-81E2-FA01402C702D}.Release|x86.ActiveCfg = Release|Win32
		{5271C953-3035-4A61-81E2-FA01402C702D}.Release|x86.Build.0 = Release|Win32
		{CF471378-DF0C-4798-B5E5-37AA8D2EF0F5}.Debug|x64.ActiveCfg = Debug|x64
		{CF471378-DF0C-4798-B5E5-37AA8D2EF0F5}.Debug|x64.Build.0 = Debug|x64
		{CF471378-DF0C-4798-B5E5-37AA8D2EF0F5}.Debug|x86.ActiveCfg = Debug|Win32
		{CF471378-DF0C-4798-B5E5-37AA8D2EF0F5}.Debug|x86.Build.0 = Debug|Win32
		{CF471378-DF0C-4798-B5E5-37AA8D2EF0F5}.Release|x64.ActiveCfg = Release|x64
		{CF471378-DF0C-4798-B5E5-37AA8D2EF0F5}.Release|x64.Build.0 = Release|x64
		{CF471378-DF0C-4798-B5E5-37AA8D2EF0F5}.Release|x86.ActiveCfg = Release|Win32
		{CF471378-DF0C-4798-B5E5-37AA8D2EF0F5}.Release|x86.Build.0 = Release|Win32
		{8C68021C-AF2B-49C2-9107-8A8E45CBA042}.Debug|x64.ActiveCfg = Debug|x64
		{8C68021C-AF2B-49C2-9107-8A8E45CBA042}.Debug|x64.Build.0 = Debug|x64
		{8C68021C-AF2B-49C2-9107-8A8E45CBA042}.Debug|x86.ActiveCfg = Debug|Win32
		{8C68021C-AF2B-49C2-9107-8A8E45CBA042}.Debug|x86.Build.0 = Debug|Win32
		{8C68021C-AF2B-49C2-9107-8A8E45CBA042}.Release|x64.ActiveCfg = Release|x64
		{8C68021C-AF2B-49C2-9107-8A8E45CBA042}.Release|x64.Build.0 = Release|x64
		{8C68021C-AF2B-49C2-9107-8A8E45CBA042}.Release|x86.ActiveCfg = Release|Win32
		{8C68021C-AF2B-49C2-9107-8A8E45CBA042}.Release|x86.Build.0 = Release|Win32
		{EE5546B4-AEEE-4A49-BA13-0F5BAA5CC930}.Debug|x64.ActiveCfg = Debug|x64
		{EE5546B4-AEEE-4A49-BA13-0F5BAA5CC930}.Debug|x64.Build.0 = Debug|x64
		{EE5546B4-AEEE-4A49-BA13-0F5BAA5CC930}.Debug|x86.ActiveCfg = Debug|Win32
		{EE5546B4-AEEE-4A49-BA13-0F5BAA5CC930}.Debug|x86.Build.0 = Debug|Win32
		{EE5546B4-AEEE-4A49-BA13-0F5BAA5CC930}.Release|x64.ActiveCfg = Release|x64
		{EE5546B4-AEEE-4A49-BA13-0F5BAA5CC930}.Release|x64.Build.0 = Release|x64
		{EE5546B4-AEEE-4A49-BA13-0F5BAA5CC930}.Release|x86.ActiveCfg = Release|Win32
		{EE5546B4-AEEE-4A49-BA13-0F5BAA5CC930}.Release|x86.Build.0 = Release|Win32
		{CE61E480-E0B8-4270-9B9C-576333ECB810}.Debug|x64.ActiveCfg = Debug|x64
		{CE61E480-E0B8-4270-9B9C-576333ECB810}.Debug|x64.Build.0 = Debug|x64
		{CE61E480-E0B8-4270-9B9C-576333ECB810}.Debug|x86.ActiveCfg = Debug|Win32
		{CE61E480-E0B8-4270-9B9C-576333ECB810}.Debug|x86.Build.0 = Debug|Win32
		{CE61E480-E0B8-4270-9B9C-576333ECB810}.Release|x64.ActiveCfg = Release|x64
		{CE61E480-E0B8-4270-9B9C-576333ECB810}.Release|x64.Build.0 = Release|x64
		{CE61E480-E0B8-4270-9B9C-576333ECB810}.Release|x86.ActiveCfg = Release|Win32
		{CE61E480-E0B8-4270-9B9C-576333ECB810}.Release|x86.Build.0 = Release|Win32
	EndGlobalSection
	GlobalSection(SolutionProperties) = preSolution
		HideSolutionNode = FALSE
	EndGlobalSection
	GlobalSection(ExtensibilityGlobals) = postSolution
		SolutionGuid = {28A99AC7-061C-45F4-B20A-0AD146E069E6}
	EndGlobalSection
EndGlobal
